
Microsoft Visual Studio Solution File, Format Version 12.00
# Visual Studio 15
VisualStudioVersion = 15.0.27703.2035
MinimumVisualStudioVersion = 10.0.40219.1
Project("{9A19103F-16F7-4668-BE54-9A1E7A4F7556}") = "Abp.AppFactory.ExcelGenerator", "Abp.AppFactory.ExcelGenerator\Abp.AppFactory.ExcelGenerator.csproj", "{695357C7-8C5C-41C1-945F-0E1FA1F4A398}"
EndProject
Global
	GlobalSection(SolutionConfigurationPlatforms) = preSolution
		Debug|Any CPU = Debug|Any CPU
		Release|Any CPU = Release|Any CPU
	EndGlobalSection
	GlobalSection(ProjectConfigurationPlatforms) = postSolution
		{695357C7-8C5C-41C1-945F-0E1FA1F4A398}.Debug|Any CPU.ActiveCfg = Debug|Any CPU
		{695357C7-8C5C-41C1-945F-0E1FA1F4A398}.Debug|Any CPU.Build.0 = Debug|Any CPU
		{695357C7-8C5C-41C1-945F-0E1FA1F4A398}.Release|Any CPU.ActiveCfg = Release|Any CPU
		{695357C7-8C5C-41C1-945F-0E1FA1F4A398}.Release|Any CPU.Build.0 = Release|Any CPU
	EndGlobalSection
	GlobalSection(SolutionProperties) = preSolution
		HideSolutionNode = FALSE
	EndGlobalSection
	GlobalSection(ExtensibilityGlobals) = postSolution
		SolutionGuid = {851E4B38-A7C0-43E4-8E4B-22351645439A}
	EndGlobalSection
EndGlobal
